#MicroXplorer Configuration settings - do not modify
Mcu.Family=STM32F7
ProjectManager.MainLocation=Core/Src
RCC.I2SFreq_Value=160000000
PA6.Mode=Full_Duplex_Master
RCC.PLLQoutputFreq_Value=48000000
ProjectManager.ProjectFileName=Firmware_PF.ioc
PH0-OSC_IN.Signal=RCC_OSC_IN
RCC.SAI1Freq_Value=160000000
SPI4.VirtualType=VM_MASTER
PA7.Mode=Full_Duplex_Master
ProjectManager.KeepUserCode=true
Mcu.UserName=STM32F723ZETx
Mcu.PinsNb=20
SPI1.VirtualType=VM_MASTER
ProjectManager.NoMain=false
SPI1.IPParameters=VirtualType,Mode,Direction,CalculateBaudRate,NSSPMode
RCC.PLLCLKFreq_Value=120000000
RCC.PLLQCLKFreq_Value=48000000
PC5.Locked=true
SPI4.Direction=SPI_DIRECTION_2LINES
ProjectManager.functionlistsort=1-MX_GPIO_Init-GPIO-false-HAL-true,2-SystemClock_Config-RCC-false-HAL-false,3-MX_I2C1_Init-I2C1-false-HAL-true,4-MX_SPI1_Init-SPI1-false-HAL-true,5-MX_SPI4_Init-SPI4-false-HAL-true,6-MX_USB_OTG_FS_PCD_Init-USB_OTG_FS-false-HAL-true,0-MX_CORTEX_M7_Init-CORTEX_M7-false-HAL-true
PA11.Mode=Device_Only
PA3.GPIOParameters=GPIO_Label
ProjectManager.DefaultFWLocation=true
RCC.PLLI2SRCLKFreq_Value=160000000
ProjectManager.DeletePrevious=true
PinOutPanel.RotationAngle=0
RCC.FamilyName=M
ProjectManager.StackSize=0x400
PA13.Signal=SYS_JTMS-SWDIO
Mcu.IP4=SPI1
Mcu.IP5=SPI4
Mcu.IP2=NVIC
NVIC.SVCall_IRQn=true\:0\:0\:false\:false\:true\:false\:false
Mcu.IP3=RCC
Mcu.IP0=CORTEX_M7
Mcu.IP1=I2C1
PA12.Signal=USB_OTG_FS_DP
PE4.GPIOParameters=GPIO_Label
Mcu.UserConstants=
SPI4.Mode=SPI_MODE_MASTER
ProjectManager.TargetToolchain=STM32CubeIDE
RCC.SDMMCFreq_Value=16000000
Mcu.ThirdPartyNb=0
SPI1.Direction=SPI_DIRECTION_2LINES
PE2.Mode=Full_Duplex_Master
Mcu.IPNb=8
RCC.PLLI2SRoutputFreq_Value=160000000
ProjectManager.PreviousToolchain=
PC5.GPIOParameters=GPIO_Label
PB6.Signal=I2C1_SCL
PE4.Locked=true
PB6.Mode=I2C
SPI1.CalculateBaudRate=8.0 MBits/s
Mcu.Pin6=PA3
RCC.SAI2Freq_Value=160000000
Mcu.Pin7=PA5
ProjectManager.RegisterCallBack=
Mcu.Pin8=PA6
PE5.Signal=SPI4_MISO
RCC.USBFreq_Value=48000000
Mcu.Pin9=PA7
RCC.VCOSAIOutputFreq_Value=320000000
SPI4.IPParameters=VirtualType,Mode,Direction,CalculateBaudRate,NSSPMode
RCC.PLLSAIoutputFreq_Value=160000000
RCC.LSE_VALUE=32768
SPI4.NSSPMode=SPI_NSS_PULSE_DISABLE
PH0-OSC_IN.Mode=HSE-External-Clock-Source
Mcu.Pin0=PE2
Mcu.Pin1=PE4
Mcu.Pin2=PE5
Mcu.Pin3=PE6
Mcu.Pin4=PH0-OSC_IN
RCC.VCOI2SOutputFreq_Value=320000000
Mcu.Pin5=PH1-OSC_OUT
PA5.Signal=SPI1_SCK
ProjectManager.ProjectBuild=false
RCC.HSE_VALUE=25000000
NVIC.UsageFault_IRQn=true\:0\:0\:false\:false\:true\:false\:false
NVIC.DebugMonitor_IRQn=true\:0\:0\:false\:false\:true\:false\:false
PB3.Mode=JTAG_4_pins
RCC.PLLSAIPCLKFreq_Value=160000000
board=custom
RCC.VCOOutputFreq_Value=240000000
PA15.Mode=JTAG_4_pins
NVIC.SysTick_IRQn=true\:0\:0\:false\:false\:true\:false\:true
ProjectManager.LastFirmware=true
ProjectManager.FirmwarePackage=STM32Cube FW_F7 V1.16.1
MxDb.Version=DB.6.0.21
PE6.Mode=Full_Duplex_Master
ProjectManager.BackupPrevious=false
MxCube.Version=6.2.1
RCC.VCOInputFreq_Value=1666666.6666666667
SPI1.Mode=SPI_MODE_MASTER
PA14.Mode=JTAG_4_pins
RCC.RNGFreq_Value=48000000
PE5.Mode=Full_Duplex_Master
File.Version=6
PE4.GPIO_Label=SPI4_CS
VP_SYS_VS_Systick.Mode=SysTick
PH1-OSC_OUT.Signal=RCC_OSC_OUT
PE2.Signal=SPI4_SCK
PB7.Signal=I2C1_SDA
NVIC.NonMaskableInt_IRQn=true\:0\:0\:false\:false\:true\:false\:false
SPI4.CalculateBaudRate=8.0 MBits/s
NVIC.PendSV_IRQn=true\:0\:0\:false\:false\:true\:false\:false
PE6.Signal=SPI4_MOSI
PA13.Mode=JTAG_4_pins
ProjectManager.FreePins=false
RCC.IPParameters=FamilyName,HSE_VALUE,HSI_VALUE,I2SFreq_Value,LSE_VALUE,LSI_VALUE,PLLCLKFreq_Value,PLLI2SQCLKFreq_Value,PLLI2SRCLKFreq_Value,PLLI2SRoutputFreq_Value,PLLM,PLLN,PLLQ,PLLQCLKFreq_Value,PLLQoutputFreq_Value,PLLSAIPCLKFreq_Value,PLLSAIQCLKFreq_Value,PLLSAIoutputFreq_Value,RNGFreq_Value,SAI1Freq_Value,SAI2Freq_Value,SDMMC2Freq_Value,SDMMCFreq_Value,USBFreq_Value,VCOI2SOutputFreq_Value,VCOInputFreq_Value,VCOOutputFreq_Value,VCOSAIOutputFreq_Value
PE4.Signal=GPIO_Output
ProjectManager.AskForMigrate=true
Mcu.Name=STM32F723Z(C-E)Tx
RCC.PLLI2SQCLKFreq_Value=160000000
ProjectManager.HalAssertFull=false
SPI1.NSSPMode=SPI_NSS_PULSE_DISABLE
ProjectManager.ProjectName=Firmware_PF
ProjectManager.UnderRoot=true
Mcu.IP6=SYS
Mcu.IP7=USB_OTG_FS
ProjectManager.CoupleFile=false
PH1-OSC_OUT.Mode=HSE-External-Clock-Source
PB3.Signal=SYS_JTDO-SWO
Mcu.Package=LQFP144
PA6.Signal=SPI1_MISO
PA3.Locked=true
PA12.Mode=Device_Only
NVIC.ForceEnableDMAVector=true
KeepUserPlacement=false
PC5.GPIO_Label=SPI1_CS1
NVIC.MemoryManagement_IRQn=true\:0\:0\:false\:false\:true\:false\:false
ProjectManager.CompilerOptimize=6
ProjectManager.ToolChainLocation=
RCC.LSI_VALUE=32000
VP_SYS_VS_Systick.Signal=SYS_VS_Systick
PB7.Mode=I2C
PA11.Signal=USB_OTG_FS_DM
PA14.Signal=SYS_JTCK-SWCLK
USB_OTG_FS.VirtualMode=Device_Only
PA15.Signal=SYS_JTDI
ProjectManager.HeapSize=0x200
Mcu.Pin15=PA15
NVIC.HardFault_IRQn=true\:0\:0\:false\:false\:true\:false\:false
Mcu.Pin16=PB3
Mcu.Pin13=PA13
Mcu.Pin14=PA14
Mcu.Pin19=VP_SYS_VS_Systick
ProjectManager.ComputerToolchain=false
Mcu.Pin17=PB6
RCC.HSI_VALUE=16000000
Mcu.Pin18=PB7
RCC.PLLQ=5
NVIC.PriorityGroup=NVIC_PRIORITYGROUP_4
Mcu.Pin11=PA11
Mcu.Pin12=PA12
RCC.PLLM=15
RCC.PLLN=144
Mcu.Pin10=PC5
NVIC.BusFault_IRQn=true\:0\:0\:false\:false\:true\:false\:false
PC5.Signal=GPIO_Output
USB_OTG_FS.IPParameters=VirtualMode
RCC.SDMMC2Freq_Value=16000000
ProjectManager.CustomerFirmwarePackage=
ProjectManager.DeviceId=STM32F723ZETx
ProjectManager.LibraryCopy=1
RCC.PLLSAIQCLKFreq_Value=160000000
PA3.GPIO_Label=SPI1_CS0
PA3.Signal=GPIO_Output
PA7.Signal=SPI1_MOSI
PA5.Mode=Full_Duplex_Master
isbadioc=false
